
Microsoft Visual Studio Solution File, Format Version 12.00
# Visual Studio 14
VisualStudioVersion = 14.0.25420.1
MinimumVisualStudioVersion = 10.0.40219.1
Project("{2150E333-8FDC-42A3-9474-1A3956D46DE8}") = "Solution Items", "Solution Items", "{E673CE2E-F036-4055-9497-2AC96E55D658}"
	ProjectSection(SolutionItems) = preProject
		..\..\TC_Design\TC.vsdx = ..\..\TC_Design\TC.vsdx
	EndProjectSection
EndProject
Project("{2150E333-8FDC-42A3-9474-1A3956D46DE8}") = "1-Layers", "1-Layers", "{85A35277-9771-41A4-AD42-31A4B585910A}"
EndProject
Project("{2150E333-8FDC-42A3-9474-1A3956D46DE8}") = "0-Modeling and Design", "0-Modeling and Design", "{4CEF915E-26EF-40AE-AC87-A9D857B32065}"
EndProject
Project("{2150E333-8FDC-42A3-9474-1A3956D46DE8}") = "1.1-Presentation", "1.1-Presentation", "{0A8C224B-14A1-4DF3-951E-BC29857D390E}"
EndProject
Project("{2150E333-8FDC-42A3-9474-1A3956D46DE8}") = "1.2-Distributed Services", "1.2-Distributed Services", "{070092BD-4362-472D-862F-17D7B567F268}"
EndProject
Project("{2150E333-8FDC-42A3-9474-1A3956D46DE8}") = "1.3-Application", "1.3-Application", "{8F207C8C-14B4-4B63-B5C1-BB1343AA843C}"
EndProject
Project("{2150E333-8FDC-42A3-9474-1A3956D46DE8}") = "1.4-Domain", "1.4-Domain", "{F5DDA289-57C4-4AE6-8CDD-EBAC9915CDC2}"
EndProject
Project("{2150E333-8FDC-42A3-9474-1A3956D46DE8}") = "1.5-Infrastructure", "1.5-Infrastructure", "{6D796EA7-66D0-412C-9D0A-212259597641}"
EndProject
Project("{FAE04EC0-301F-11D3-BF4B-00C04F79EFBC}") = "TeamCollaboration.API", "TeamCollaboration.API\TeamCollaboration.API.csproj", "{08F48A15-BAA5-49AC-979D-482CB067C35A}"
EndProject
Project("{2150E333-8FDC-42A3-9474-1A3956D46DE8}") = "1.5.1-Data", "1.5.1-Data", "{6EEF594C-F482-412D-A14C-A274C9C9B077}"
EndProject
Project("{2150E333-8FDC-42A3-9474-1A3956D46DE8}") = "1.5.3-CrossCutting", "1.5.3-CrossCutting", "{40869563-5B77-4305-A615-23D0E00D8E20}"
EndProject
Project("{FAE04EC0-301F-11D3-BF4B-00C04F79EFBC}") = "TeamCollaboration.Application", "TeamCollaboration.Application\TeamCollaboration.Application.csproj", "{010F55F0-790B-4464-89F1-D5E10C992F00}"
EndProject
Project("{FAE04EC0-301F-11D3-BF4B-00C04F79EFBC}") = "TeamCollaboration.Domain", "TeamCollaboration.Domain\TeamCollaboration.Domain.csproj", "{FD90B2F8-611B-4EA2-9031-B49F5E5AE82D}"
EndProject
Project("{FAE04EC0-301F-11D3-BF4B-00C04F79EFBC}") = "TeamCollaboration.Data", "TeamCollaboration.Data\TeamCollaboration.Data.csproj", "{4A52AF01-41E5-4CA5-B15E-02E99A96D8EE}"
EndProject
Project("{FAE04EC0-301F-11D3-BF4B-00C04F79EFBC}") = "TeamCollaboration.Data.Test", "TeamCollaboration.Data.Test\TeamCollaboration.Data.Test.csproj", "{5E830E5A-53C3-4498-9931-4AE6499593B7}"
EndProject
Project("{FAE04EC0-301F-11D3-BF4B-00C04F79EFBC}") = "TeamCollaboration.Web", "TeamCollaboration.Web\TeamCollaboration.Web.csproj", "{6E5C1BEE-AA40-47E5-A447-52117BBBE064}"
EndProject
Project("{FAE04EC0-301F-11D3-BF4B-00C04F79EFBC}") = "TeamCollaboration.CrossCutting", "TeamCollaboration.CrossCutting\TeamCollaboration.CrossCutting.csproj", "{A73236BB-35E4-451E-8385-67D71947CE0A}"
EndProject
Project("{FAE04EC0-301F-11D3-BF4B-00C04F79EFBC}") = "TeamCollaboration.CrossCutting.NetFramework", "TeamCollaboration.CrossCutting.NetFramework\TeamCollaboration.CrossCutting.NetFramework.csproj", "{1D5BABA6-11B6-4111-AFF3-F1B1E6C51CD9}"
EndProject
Project("{FAE04EC0-301F-11D3-BF4B-00C04F79EFBC}") = "TeamCollaboration.Application.DTO", "TeamCollaboration.Application.DTO\TeamCollaboration.Application.DTO.csproj", "{97B5AA7C-8B99-4188-824A-937828171A42}"
EndProject
Project("{2150E333-8FDC-42A3-9474-1A3956D46DE8}") = "1.5.2-CQRS.Framework", "1.5.2-CQRS.Framework", "{7D9CA0BC-BFB3-45E7-A1D7-FDD80074DBC4}"
EndProject
Project("{FAE04EC0-301F-11D3-BF4B-00C04F79EFBC}") = "TeamCollaboration.Domain.Project", "TeamCollaboration.Domain.Project\TeamCollaboration.Domain.Project.csproj", "{64D0AD23-76BC-4AB3-92A3-8830BC85AB99}"
EndProject
Project("{FAE04EC0-301F-11D3-BF4B-00C04F79EFBC}") = "TeamCollaboration.Domain.Team", "TeamCollaboration.Domain.Team\TeamCollaboration.Domain.Team.csproj", "{74C41C55-B05F-4F66-9B78-689FBE9C982A}"
EndProject
Project("{FAE04EC0-301F-11D3-BF4B-00C04F79EFBC}") = "TeamCollaboration.Domain.Scrum", "TeamCollaboration.Domain.Scrum\TeamCollaboration.Domain.Scrum.csproj", "{9777B85D-BB1B-4936-8056-8A9B5A3FDE64}"
EndProject
Project("{FAE04EC0-301F-11D3-BF4B-00C04F79EFBC}") = "TeamCollaboration.Domain.Account", "TeamCollaboration.Domain.Account\TeamCollaboration.Domain.Account.csproj", "{976F4CC9-ECED-4684-95A9-826499FB56F5}"
EndProject
Project("{FAE04EC0-301F-11D3-BF4B-00C04F79EFBC}") = "TeamCollaboration.CQRS", "TeamCollaboration.CQRS\TeamCollaboration.CQRS.csproj", "{45CE94A3-3F11-4D91-BCD6-125E9665B421}"
EndProject
Project("{2150E333-8FDC-42A3-9474-1A3956D46DE8}") = "1.10-Temp", "1.10-Temp", "{155927FB-F863-4824-AFA7-669B43DC8957}"
EndProject
Project("{FAE04EC0-301F-11D3-BF4B-00C04F79EFBC}") = "TC_ToDo", "TC_ToDo\TC_ToDo.csproj", "{4D25DC62-69C8-43E2-9CE4-A789B284D203}"
EndProject
Project("{FAE04EC0-301F-11D3-BF4B-00C04F79EFBC}") = "UnitTestProject1", "UnitTestProject1\UnitTestProject1.csproj", "{D70AAA4D-ED86-481F-B807-ED62DFB60E84}"
EndProject
Global
	GlobalSection(SolutionConfigurationPlatforms) = preSolution
		Debug|Any CPU = Debug|Any CPU
		Release|Any CPU = Release|Any CPU
	EndGlobalSection
	GlobalSection(ProjectConfigurationPlatforms) = postSolution
		{08F48A15-BAA5-49AC-979D-482CB067C35A}.Debug|Any CPU.ActiveCfg = Debug|Any CPU
		{08F48A15-BAA5-49AC-979D-482CB067C35A}.Debug|Any CPU.Build.0 = Debug|Any CPU
		{08F48A15-BAA5-49AC-979D-482CB067C35A}.Release|Any CPU.ActiveCfg = Release|Any CPU
		{08F48A15-BAA5-49AC-979D-482CB067C35A}.Release|Any CPU.Build.0 = Release|Any CPU
		{010F55F0-790B-4464-89F1-D5E10C992F00}.Debug|Any CPU.ActiveCfg = Debug|Any CPU
		{010F55F0-790B-4464-89F1-D5E10C992F00}.Debug|Any CPU.Build.0 = Debug|Any CPU
		{010F55F0-790B-4464-89F1-D5E10C992F00}.Release|Any CPU.ActiveCfg = Release|Any CPU
		{010F55F0-790B-4464-89F1-D5E10C992F00}.Release|Any CPU.Build.0 = Release|Any CPU
		{FD90B2F8-611B-4EA2-9031-B49F5E5AE82D}.Debug|Any CPU.ActiveCfg = Debug|Any CPU
		{FD90B2F8-611B-4EA2-9031-B49F5E5AE82D}.Debug|Any CPU.Build.0 = Debug|Any CPU
		{FD90B2F8-611B-4EA2-9031-B49F5E5AE82D}.Release|Any CPU.ActiveCfg = Release|Any CPU
		{FD90B2F8-611B-4EA2-9031-B49F5E5AE82D}.Release|Any CPU.Build.0 = Release|Any CPU
		{4A52AF01-41E5-4CA5-B15E-02E99A96D8EE}.Debug|Any CPU.ActiveCfg = Debug|Any CPU
		{4A52AF01-41E5-4CA5-B15E-02E99A96D8EE}.Debug|Any CPU.Build.0 = Debug|Any CPU
		{4A52AF01-41E5-4CA5-B15E-02E99A96D8EE}.Release|Any CPU.ActiveCfg = Release|Any CPU
		{4A52AF01-41E5-4CA5-B15E-02E99A96D8EE}.Release|Any CPU.Build.0 = Release|Any CPU
		{5E830E5A-53C3-4498-9931-4AE6499593B7}.Debug|Any CPU.ActiveCfg = Debug|Any CPU
		{5E830E5A-53C3-4498-9931-4AE6499593B7}.Debug|Any CPU.Build.0 = Debug|Any CPU
		{5E830E5A-53C3-4498-9931-4AE6499593B7}.Release|Any CPU.ActiveCfg = Release|Any CPU
		{5E830E5A-53C3-4498-9931-4AE6499593B7}.Release|Any CPU.Build.0 = Release|Any CPU
		{6E5C1BEE-AA40-47E5-A447-52117BBBE064}.Debug|Any CPU.ActiveCfg = Debug|Any CPU
		{6E5C1BEE-AA40-47E5-A447-52117BBBE064}.Debug|Any CPU.Build.0 = Debug|Any CPU
		{6E5C1BEE-AA40-47E5-A447-52117BBBE064}.Release|Any CPU.ActiveCfg = Release|Any CPU
		{6E5C1BEE-AA40-47E5-A447-52117BBBE064}.Release|Any CPU.Build.0 = Release|Any CPU
		{A73236BB-35E4-451E-8385-67D71947CE0A}.Debug|Any CPU.ActiveCfg = Debug|Any CPU
		{A73236BB-35E4-451E-8385-67D71947CE0A}.Debug|Any CPU.Build.0 = Debug|Any CPU
		{A73236BB-35E4-451E-8385-67D71947CE0A}.Release|Any CPU.ActiveCfg = Release|Any CPU
		{A73236BB-35E4-451E-8385-67D71947CE0A}.Release|Any CPU.Build.0 = Release|Any CPU
		{1D5BABA6-11B6-4111-AFF3-F1B1E6C51CD9}.Debug|Any CPU.ActiveCfg = Debug|Any CPU
		{1D5BABA6-11B6-4111-AFF3-F1B1E6C51CD9}.Debug|Any CPU.Build.0 = Debug|Any CPU
		{1D5BABA6-11B6-4111-AFF3-F1B1E6C51CD9}.Release|Any CPU.ActiveCfg = Release|Any CPU
		{1D5BABA6-11B6-4111-AFF3-F1B1E6C51CD9}.Release|Any CPU.Build.0 = Release|Any CPU
		{97B5AA7C-8B99-4188-824A-937828171A42}.Debug|Any CPU.ActiveCfg = Debug|Any CPU
		{97B5AA7C-8B99-4188-824A-937828171A42}.Debug|Any CPU.Build.0 = Debug|Any CPU
		{97B5AA7C-8B99-4188-824A-937828171A42}.Release|Any CPU.ActiveCfg = Release|Any CPU
		{97B5AA7C-8B99-4188-824A-937828171A42}.Release|Any CPU.Build.0 = Release|Any CPU
		{64D0AD23-76BC-4AB3-92A3-8830BC85AB99}.Debug|Any CPU.ActiveCfg = Debug|Any CPU
		{64D0AD23-76BC-4AB3-92A3-8830BC85AB99}.Debug|Any CPU.Build.0 = Debug|Any CPU
		{64D0AD23-76BC-4AB3-92A3-8830BC85AB99}.Release|Any CPU.ActiveCfg = Release|Any CPU
		{64D0AD23-76BC-4AB3-92A3-8830BC85AB99}.Release|Any CPU.Build.0 = Release|Any CPU
		{74C41C55-B05F-4F66-9B78-689FBE9C982A}.Debug|Any CPU.ActiveCfg = Debug|Any CPU
		{74C41C55-B05F-4F66-9B78-689FBE9C982A}.Debug|Any CPU.Build.0 = Debug|Any CPU
		{74C41C55-B05F-4F66-9B78-689FBE9C982A}.Release|Any CPU.ActiveCfg = Release|Any CPU
		{74C41C55-B05F-4F66-9B78-689FBE9C982A}.Release|Any CPU.Build.0 = Release|Any CPU
		{9777B85D-BB1B-4936-8056-8A9B5A3FDE64}.Debug|Any CPU.ActiveCfg = Debug|Any CPU
		{9777B85D-BB1B-4936-8056-8A9B5A3FDE64}.Debug|Any CPU.Build.0 = Debug|Any CPU
		{9777B85D-BB1B-4936-8056-8A9B5A3FDE64}.Release|Any CPU.ActiveCfg = Release|Any CPU
		{9777B85D-BB1B-4936-8056-8A9B5A3FDE64}.Release|Any CPU.Build.0 = Release|Any CPU
		{976F4CC9-ECED-4684-95A9-826499FB56F5}.Debug|Any CPU.ActiveCfg = Debug|Any CPU
		{976F4CC9-ECED-4684-95A9-826499FB56F5}.Debug|Any CPU.Build.0 = Debug|Any CPU
		{976F4CC9-ECED-4684-95A9-826499FB56F5}.Release|Any CPU.ActiveCfg = Release|Any CPU
		{976F4CC9-ECED-4684-95A9-826499FB56F5}.Release|Any CPU.Build.0 = Release|Any CPU
		{45CE94A3-3F11-4D91-BCD6-125E9665B421}.Debug|Any CPU.ActiveCfg = Debug|Any CPU
		{45CE94A3-3F11-4D91-BCD6-125E9665B421}.Debug|Any CPU.Build.0 = Debug|Any CPU
		{45CE94A3-3F11-4D91-BCD6-125E9665B421}.Release|Any CPU.ActiveCfg = Release|Any CPU
		{45CE94A3-3F11-4D91-BCD6-125E9665B421}.Release|Any CPU.Build.0 = Release|Any CPU
		{4D25DC62-69C8-43E2-9CE4-A789B284D203}.Debug|Any CPU.ActiveCfg = Debug|Any CPU
		{4D25DC62-69C8-43E2-9CE4-A789B284D203}.Debug|Any CPU.Build.0 = Debug|Any CPU
		{4D25DC62-69C8-43E2-9CE4-A789B284D203}.Release|Any CPU.ActiveCfg = Release|Any CPU
		{4D25DC62-69C8-43E2-9CE4-A789B284D203}.Release|Any CPU.Build.0 = Release|Any CPU
		{D70AAA4D-ED86-481F-B807-ED62DFB60E84}.Debug|Any CPU.ActiveCfg = Debug|Any CPU
		{D70AAA4D-ED86-481F-B807-ED62DFB60E84}.Debug|Any CPU.Build.0 = Debug|Any CPU
		{D70AAA4D-ED86-481F-B807-ED62DFB60E84}.Release|Any CPU.ActiveCfg = Release|Any CPU
		{D70AAA4D-ED86-481F-B807-ED62DFB60E84}.Release|Any CPU.Build.0 = Release|Any CPU
	EndGlobalSection
	GlobalSection(SolutionProperties) = preSolution
		HideSolutionNode = FALSE
	EndGlobalSection
	GlobalSection(NestedProjects) = preSolution
		{0A8C224B-14A1-4DF3-951E-BC29857D390E} = {85A35277-9771-41A4-AD42-31A4B585910A}
		{070092BD-4362-472D-862F-17D7B567F268} = {85A35277-9771-41A4-AD42-31A4B585910A}
		{8F207C8C-14B4-4B63-B5C1-BB1343AA843C} = {85A35277-9771-41A4-AD42-31A4B585910A}
		{F5DDA289-57C4-4AE6-8CDD-EBAC9915CDC2} = {85A35277-9771-41A4-AD42-31A4B585910A}
		{6D796EA7-66D0-412C-9D0A-212259597641} = {85A35277-9771-41A4-AD42-31A4B585910A}
		{08F48A15-BAA5-49AC-979D-482CB067C35A} = {070092BD-4362-472D-862F-17D7B567F268}
		{6EEF594C-F482-412D-A14C-A274C9C9B077} = {6D796EA7-66D0-412C-9D0A-212259597641}
		{40869563-5B77-4305-A615-23D0E00D8E20} = {6D796EA7-66D0-412C-9D0A-212259597641}
		{010F55F0-790B-4464-89F1-D5E10C992F00} = {8F207C8C-14B4-4B63-B5C1-BB1343AA843C}
		{FD90B2F8-611B-4EA2-9031-B49F5E5AE82D} = {F5DDA289-57C4-4AE6-8CDD-EBAC9915CDC2}
		{4A52AF01-41E5-4CA5-B15E-02E99A96D8EE} = {6EEF594C-F482-412D-A14C-A274C9C9B077}
		{5E830E5A-53C3-4498-9931-4AE6499593B7} = {6EEF594C-F482-412D-A14C-A274C9C9B077}
		{6E5C1BEE-AA40-47E5-A447-52117BBBE064} = {0A8C224B-14A1-4DF3-951E-BC29857D390E}
		{A73236BB-35E4-451E-8385-67D71947CE0A} = {40869563-5B77-4305-A615-23D0E00D8E20}
		{1D5BABA6-11B6-4111-AFF3-F1B1E6C51CD9} = {40869563-5B77-4305-A615-23D0E00D8E20}
		{97B5AA7C-8B99-4188-824A-937828171A42} = {8F207C8C-14B4-4B63-B5C1-BB1343AA843C}
		{7D9CA0BC-BFB3-45E7-A1D7-FDD80074DBC4} = {6D796EA7-66D0-412C-9D0A-212259597641}
		{64D0AD23-76BC-4AB3-92A3-8830BC85AB99} = {F5DDA289-57C4-4AE6-8CDD-EBAC9915CDC2}
		{74C41C55-B05F-4F66-9B78-689FBE9C982A} = {F5DDA289-57C4-4AE6-8CDD-EBAC9915CDC2}
		{9777B85D-BB1B-4936-8056-8A9B5A3FDE64} = {F5DDA289-57C4-4AE6-8CDD-EBAC9915CDC2}
		{976F4CC9-ECED-4684-95A9-826499FB56F5} = {F5DDA289-57C4-4AE6-8CDD-EBAC9915CDC2}
		{45CE94A3-3F11-4D91-BCD6-125E9665B421} = {7D9CA0BC-BFB3-45E7-A1D7-FDD80074DBC4}
		{155927FB-F863-4824-AFA7-669B43DC8957} = {85A35277-9771-41A4-AD42-31A4B585910A}
		{4D25DC62-69C8-43E2-9CE4-A789B284D203} = {155927FB-F863-4824-AFA7-669B43DC8957}
		{D70AAA4D-ED86-481F-B807-ED62DFB60E84} = {155927FB-F863-4824-AFA7-669B43DC8957}
	EndGlobalSection
EndGlobal
